// !$*UTF8*$!
{
	archiveVersion = 1;
	classes = {
	};
	objectVersion = 46;
	objects = {

/* Begin PBXBuildFile section */
		17DB19A61EEA8E9A006CA56C /* AppDelegate.swift in Sources */ = {isa = PBXBuildFile; fileRef = 17DB19A51EEA8E9A006CA56C /* AppDelegate.swift */; };
		17DB19A81EEA8E9A006CA56C /* ViewController.swift in Sources */ = {isa = PBXBuildFile; fileRef = 17DB19A71EEA8E9A006CA56C /* ViewController.swift */; };
		17DB19AB1EEA8E9A006CA56C /* Main.storyboard in Resources */ = {isa = PBXBuildFile; fileRef = 17DB19A91EEA8E9A006CA56C /* Main.storyboard */; };
		17DB19AD1EEA8E9A006CA56C /* Assets.xcassets in Resources */ = {isa = PBXBuildFile; fileRef = 17DB19AC1EEA8E9A006CA56C /* Assets.xcassets */; };
		17DB19B01EEA8E9A006CA56C /* LaunchScreen.storyboard in Resources */ = {isa = PBXBuildFile; fileRef = 17DB19AE1EEA8E9A006CA56C /* LaunchScreen.storyboard */; };
		17DB19BB1EEA8E9B006CA56C /* TimeManagmentWithDatesTests.swift in Sources */ = {isa = PBXBuildFile; fileRef = 17DB19BA1EEA8E9B006CA56C /* TimeManagmentWithDatesTests.swift */; };
		17DB19C61EEA8E9B006CA56C /* TimeManagmentWithDatesUITests.swift in Sources */ = {isa = PBXBuildFile; fileRef = 17DB19C51EEA8E9B006CA56C /* TimeManagmentWithDatesUITests.swift */; };
		17DB19D51EEA8ECB006CA56C /* Extension.swift in Sources */ = {isa = PBXBuildFile; fileRef = 17DB19D41EEA8ECB006CA56C /* Extension.swift */; };
		17DB19D81EEA8F45006CA56C /* TimeManagment.swift in Sources */ = {isa = PBXBuildFile; fileRef = 17DB19D71EEA8F45006CA56C /* TimeManagment.swift */; };
/* End PBXBuildFile section */

/* Begin PBXContainerItemProxy section */
		17DB19B71EEA8E9B006CA56C /* PBXContainerItemProxy */ = {
			isa = PBXContainerItemProxy;
			containerPortal = 17DB199A1EEA8E9A006CA56C /* Project object */;
			proxyType = 1;
			remoteGlobalIDString = 17DB19A11EEA8E9A006CA56C;
			remoteInfo = TimeManagmentWithDates;
		};
		17DB19C21EEA8E9B006CA56C /* PBXContainerItemProxy */ = {
			isa = PBXContainerItemProxy;
			containerPortal = 17DB199A1EEA8E9A006CA56C /* Project object */;
			proxyType = 1;
			remoteGlobalIDString = 17DB19A11EEA8E9A006CA56C;
			remoteInfo = TimeManagmentWithDates;
		};
/* End PBXContainerItemProxy section */

/* Begin PBXFileReference section */
		17DB19A21EEA8E9A006CA56C /* TimeManagmentWithDates.app */ = {isa = PBXFileReference; explicitFileType = wrapper.application; includeInIndex = 0; path = TimeManagmentWithDates.app; sourceTree = BUILT_PRODUCTS_DIR; };
		17DB19A51EEA8E9A006CA56C /* AppDelegate.swift */ = {isa = PBXFileReference; lastKnownFileType = sourcecode.swift; path = AppDelegate.swift; sourceTree = "<group>"; };
		17DB19A71EEA8E9A006CA56C /* ViewController.swift */ = {isa = PBXFileReference; lastKnownFileType = sourcecode.swift; path = ViewController.swift; sourceTree = "<group>"; };
		17DB19AA1EEA8E9A006CA56C /* Base */ = {isa = PBXFileReference; lastKnownFileType = file.storyboard; name = Base; path = Base.lproj/Main.storyboard; sourceTree = "<group>"; };
		17DB19AC1EEA8E9A006CA56C /* Assets.xcassets */ = {isa = PBXFileReference; lastKnownFileType = folder.assetcatalog; path = Assets.xcassets; sourceTree = "<group>"; };
		17DB19AF1EEA8E9A006CA56C /* Base */ = {isa = PBXFileReference; lastKnownFileType = file.storyboard; name = Base; path = Base.lproj/LaunchScreen.storyboard; sourceTree = "<group>"; };
		17DB19B11EEA8E9A006CA56C /* Info.plist */ = {isa = PBXFileReference; lastKnownFileType = text.plist.xml; path = Info.plist; sourceTree = "<group>"; };
		17DB19B61EEA8E9B006CA56C /* TimeManagmentWithDatesTests.xctest */ = {isa = PBXFileReference; explicitFileType = wrapper.cfbundle; includeInIndex = 0; path = TimeManagmentWithDatesTests.xctest; sourceTree = BUILT_PRODUCTS_DIR; };
		17DB19BA1EEA8E9B006CA56C /* TimeManagmentWithDatesTests.swift */ = {isa = PBXFileReference; lastKnownFileType = sourcecode.swift; path = TimeManagmentWithDatesTests.swift; sourceTree = "<group>"; };
		17DB19BC1EEA8E9B006CA56C /* Info.plist */ = {isa = PBXFileReference; lastKnownFileType = text.plist.xml; path = Info.plist; sourceTree = "<group>"; };
		17DB19C11EEA8E9B006CA56C /* TimeManagmentWithDatesUITests.xctest */ = {isa = PBXFileReference; explicitFileType = wrapper.cfbundle; includeInIndex = 0; path = TimeManagmentWithDatesUITests.xctest; sourceTree = BUILT_PRODUCTS_DIR; };
		17DB19C51EEA8E9B006CA56C /* TimeManagmentWithDatesUITests.swift */ = {isa = PBXFileReference; lastKnownFileType = sourcecode.swift; path = TimeManagmentWithDatesUITests.swift; sourceTree = "<group>"; };
		17DB19C71EEA8E9B006CA56C /* Info.plist */ = {isa = PBXFileReference; lastKnownFileType = text.plist.xml; path = Info.plist; sourceTree = "<group>"; };
		17DB19D41EEA8ECB006CA56C /* Extension.swift */ = {isa = PBXFileReference; fileEncoding = 4; lastKnownFileType = sourcecode.swift; path = Extension.swift; sourceTree = "<group>"; };
		17DB19D71EEA8F45006CA56C /* TimeManagment.swift */ = {isa = PBXFileReference; fileEncoding = 4; lastKnownFileType = sourcecode.swift; path = TimeManagment.swift; sourceTree = "<group>"; };
/* End PBXFileReference section */

/* Begin PBXFrameworksBuildPhase section */
		17DB199F1EEA8E9A006CA56C /* Frameworks */ = {
			isa = PBXFrameworksBuildPhase;
			buildActionMask = 2147483647;
			files = (
			);
			runOnlyForDeploymentPostprocessing = 0;
		};
		17DB19B31EEA8E9B006CA56C /* Frameworks */ = {
			isa = PBXFrameworksBuildPhase;
			buildActionMask = 2147483647;
			files = (
			);
			runOnlyForDeploymentPostprocessing = 0;
		};
		17DB19BE1EEA8E9B006CA56C /* Frameworks */ = {
			isa = PBXFrameworksBuildPhase;
			buildActionMask = 2147483647;
			files = (
			);
			runOnlyForDeploymentPostprocessing = 0;
		};
/* End PBXFrameworksBuildPhase section */

/* Begin PBXGroup section */
		17DB19991EEA8E9A006CA56C = {
			isa = PBXGroup;
			children = (
				17DB19A41EEA8E9A006CA56C /* TimeManagmentWithDates */,
				17DB19B91EEA8E9B006CA56C /* TimeManagmentWithDatesTests */,
				17DB19C41EEA8E9B006CA56C /* TimeManagmentWithDatesUITests */,
				17DB19A31EEA8E9A006CA56C /* Products */,
			);
			sourceTree = "<group>";
		};
		17DB19A31EEA8E9A006CA56C /* Products */ = {
			isa = PBXGroup;
			children = (
				17DB19A21EEA8E9A006CA56C /* TimeManagmentWithDates.app */,
				17DB19B61EEA8E9B006CA56C /* TimeManagmentWithDatesTests.xctest */,
				17DB19C11EEA8E9B006CA56C /* TimeManagmentWithDatesUITests.xctest */,
			);
			name = Products;
			sourceTree = "<group>";
		};
		17DB19A41EEA8E9A006CA56C /* TimeManagmentWithDates */ = {
			isa = PBXGroup;
			children = (
				17DB19D61EEA8F29006CA56C /* Model */,
				17DB19D31EEA8EAA006CA56C /* Extension */,
				17DB19A51EEA8E9A006CA56C /* AppDelegate.swift */,
				17DB19A71EEA8E9A006CA56C /* ViewController.swift */,
				17DB19A91EEA8E9A006CA56C /* Main.storyboard */,
				17DB19AC1EEA8E9A006CA56C /* Assets.xcassets */,
				17DB19AE1EEA8E9A006CA56C /* LaunchScreen.storyboard */,
				17DB19B11EEA8E9A006CA56C /* Info.plist */,
			);
			path = TimeManagmentWithDates;
			sourceTree = "<group>";
		};
		17DB19B91EEA8E9B006CA56C /* TimeManagmentWithDatesTests */ = {
			isa = PBXGroup;
			children = (
				17DB19BA1EEA8E9B006CA56C /* TimeManagmentWithDatesTests.swift */,
				17DB19BC1EEA8E9B006CA56C /* Info.plist */,
			);
			path = TimeManagmentWithDatesTests;
			sourceTree = "<group>";
		};
		17DB19C41EEA8E9B006CA56C /* TimeManagmentWithDatesUITests */ = {
			isa = PBXGroup;
			children = (
				17DB19C51EEA8E9B006CA56C /* TimeManagmentWithDatesUITests.swift */,
				17DB19C71EEA8E9B006CA56C /* Info.plist */,
			);
			path = TimeManagmentWithDatesUITests;
			sourceTree = "<group>";
		};
		17DB19D31EEA8EAA006CA56C /* Extension */ = {
			isa = PBXGroup;
			children = (
				17DB19D41EEA8ECB006CA56C /* Extension.swift */,
			);
			name = Extension;
			sourceTree = "<group>";
		};
		17DB19D61EEA8F29006CA56C /* Model */ = {
			isa = PBXGroup;
			children = (
				17DB19D71EEA8F45006CA56C /* TimeManagment.swift */,
			);
			name = Model;
			sourceTree = "<group>";
		};
/* End PBXGroup section */

/* Begin PBXNativeTarget section */
		17DB19A11EEA8E9A006CA56C /* TimeManagmentWithDates */ = {
			isa = PBXNativeTarget;
			buildConfigurationList = 17DB19CA1EEA8E9B006CA56C /* Build configuration list for PBXNativeTarget "TimeManagmentWithDates" */;
			buildPhases = (
				17DB199E1EEA8E9A006CA56C /* Sources */,
				17DB199F1EEA8E9A006CA56C /* Frameworks */,
				17DB19A01EEA8E9A006CA56C /* Resources */,
			);
			buildRules = (
			);
			dependencies = (
			);
			name = TimeManagmentWithDates;
			productName = TimeManagmentWithDates;
			productReference = 17DB19A21EEA8E9A006CA56C /* TimeManagmentWithDates.app */;
			productType = "com.apple.product-type.application";
		};
		17DB19B51EEA8E9B006CA56C /* TimeManagmentWithDatesTests */ = {
			isa = PBXNativeTarget;
			buildConfigurationList = 17DB19CD1EEA8E9B006CA56C /* Build configuration list for PBXNativeTarget "TimeManagmentWithDatesTests" */;
			buildPhases = (
				17DB19B21EEA8E9B006CA56C /* Sources */,
				17DB19B31EEA8E9B006CA56C /* Frameworks */,
				17DB19B41EEA8E9B006CA56C /* Resources */,
			);
			buildRules = (
			);
			dependencies = (
				17DB19B81EEA8E9B006CA56C /* PBXTargetDependency */,
			);
			name = TimeManagmentWithDatesTests;
			productName = TimeManagmentWithDatesTests;
			productReference = 17DB19B61EEA8E9B006CA56C /* TimeManagmentWithDatesTests.xctest */;
			productType = "com.apple.product-type.bundle.unit-test";
		};
		17DB19C01EEA8E9B006CA56C /* TimeManagmentWithDatesUITests */ = {
			isa = PBXNativeTarget;
			buildConfigurationList = 17DB19D01EEA8E9B006CA56C /* Build configuration list for PBXNativeTarget "TimeManagmentWithDatesUITests" */;
			buildPhases = (
				17DB19BD1EEA8E9B006CA56C /* Sources */,
				17DB19BE1EEA8E9B006CA56C /* Frameworks */,
				17DB19BF1EEA8E9B006CA56C /* Resources */,
			);
			buildRules = (
			);
			dependencies = (
				17DB19C31EEA8E9B006CA56C /* PBXTargetDependency */,
			);
			name = TimeManagmentWithDatesUITests;
			productName = TimeManagmentWithDatesUITests;
			productReference = 17DB19C11EEA8E9B006CA56C /* TimeManagmentWithDatesUITests.xctest */;
			productType = "com.apple.product-type.bundle.ui-testing";
		};
/* End PBXNativeTarget section */

/* Begin PBXProject section */
		17DB199A1EEA8E9A006CA56C /* Project object */ = {
			isa = PBXProject;
			attributes = {
				LastSwiftUpdateCheck = 0830;
				LastUpgradeCheck = 0830;
				ORGANIZATIONNAME = "Dakshesh patel";
				TargetAttributes = {
					17DB19A11EEA8E9A006CA56C = {
						CreatedOnToolsVersion = 8.3.2;
						DevelopmentTeam = AXT8UHAXWZ;
						ProvisioningStyle = Automatic;
					};
					17DB19B51EEA8E9B006CA56C = {
						CreatedOnToolsVersion = 8.3.2;
						ProvisioningStyle = Automatic;
						TestTargetID = 17DB19A11EEA8E9A006CA56C;
					};
					17DB19C01EEA8E9B006CA56C = {
						CreatedOnToolsVersion = 8.3.2;
						ProvisioningStyle = Automatic;
						TestTargetID = 17DB19A11EEA8E9A006CA56C;
					};
				};
			};
			buildConfigurationList = 17DB199D1EEA8E9A006CA56C /* Build configuration list for PBXProject "TimeManagmentWithDates" */;
			compatibilityVersion = "Xcode 3.2";
			developmentRegion = English;
			hasScannedForEncodings = 0;
			knownRegions = (
				en,
				Base,
			);
			mainGroup = 17DB19991EEA8E9A006CA56C;
			productRefGroup = 17DB19A31EEA8E9A006CA56C /* Products */;
			projectDirPath = "";
			projectRoot = "";
			targets = (
				17DB19A11EEA8E9A006CA56C /* TimeManagmentWithDates */,
				17DB19B51EEA8E9B006CA56C /* TimeManagmentWithDatesTests */,
				17DB19C01EEA8E9B006CA56C /* TimeManagmentWithDatesUITests */,
			);
		};
/* End PBXProject section */

/* Begin PBXResourcesBuildPhase section */
		17DB19A01EEA8E9A006CA56C /* Resources */ = {
			isa = PBXResourcesBuildPhase;
			buildActionMask = 2147483647;
			files = (
				17DB19B01EEA8E9A006CA56C /* LaunchScreen.storyboard in Resources */,
				17DB19AD1EEA8E9A006CA56C /* Assets.xcassets in Resources */,
				17DB19AB1EEA8E9A006CA56C /* Main.storyboard in Resources */,
			);
			runOnlyForDeploymentPostprocessing = 0;
		};
		17DB19B41EEA8E9B006CA56C /* Resources */ = {
			isa = PBXResourcesBuildPhase;
			buildActionMask = 2147483647;
			files = (
			);
			runOnlyForDeploymentPostprocessing = 0;
		};
		17DB19BF1EEA8E9B006CA56C /* Resources */ = {
			isa = PBXResourcesBuildPhase;
			buildActionMask = 2147483647;
			files = (
			);
			runOnlyForDeploymentPostprocessing = 0;
		};
/* End PBXResourcesBuildPhase section */

/* Begin PBXSourcesBuildPhase section */
		17DB199E1EEA8E9A006CA56C /* Sources */ = {
			isa = PBXSourcesBuildPhase;
			buildActionMask = 2147483647;
			files = (
				17DB19D51EEA8ECB006CA56C /* Extension.swift in Sources */,
				17DB19D81EEA8F45006CA56C /* TimeManagment.swift in Sources */,
				17DB19A81EEA8E9A006CA56C /* ViewController.swift in Sources */,
				17DB19A61EEA8E9A006CA56C /* AppDelegate.swift in Sources */,
			);
			runOnlyForDeploymentPostprocessing = 0;
		};
		17DB19B21EEA8E9B006CA56C /* Sources */ = {
			isa = PBXSourcesBuildPhase;
			buildActionMask = 2147483647;
			files = (
				17DB19BB1EEA8E9B006CA56C /* TimeManagmentWithDatesTests.swift in Sources */,
			);
			runOnlyForDeploymentPostprocessing = 0;
		};
		17DB19BD1EEA8E9B006CA56C /* Sources */ = {
			isa = PBXSourcesBuildPhase;
			buildActionMask = 2147483647;
			files = (
				17DB19C61EEA8E9B006CA56C /* TimeManagmentWithDatesUITests.swift in Sources */,
			);
			runOnlyForDeploymentPostprocessing = 0;
		};
/* End PBXSourcesBuildPhase section */

/* Begin PBXTargetDependency section */
		17DB19B81EEA8E9B006CA56C /* PBXTargetDependency */ = {
			isa = PBXTargetDependency;
			target = 17DB19A11EEA8E9A006CA56C /* TimeManagmentWithDates */;
			targetProxy = 17DB19B71EEA8E9B006CA56C /* PBXContainerItemProxy */;
		};
		17DB19C31EEA8E9B006CA56C /* PBXTargetDependency */ = {
			isa = PBXTargetDependency;
			target = 17DB19A11EEA8E9A006CA56C /* TimeManagmentWithDates */;
			targetProxy = 17DB19C21EEA8E9B006CA56C /* PBXContainerItemProxy */;
		};
/* End PBXTargetDependency section */

/* Begin PBXVariantGroup section */
		17DB19A91EEA8E9A006CA56C /* Main.storyboard */ = {
			isa = PBXVariantGroup;
			children = (
				17DB19AA1EEA8E9A006CA56C /* Base */,
			);
			name = Main.storyboard;
			sourceTree = "<group>";
		};
		17DB19AE1EEA8E9A006CA56C /* LaunchScreen.storyboard */ = {
			isa = PBXVariantGroup;
			children = (
				17DB19AF1EEA8E9A006CA56C /* Base */,
			);
			name = LaunchScreen.storyboard;
			sourceTree = "<group>";
		};
/* End PBXVariantGroup section */

/* Begin XCBuildConfiguration section */
		17DB19C81EEA8E9B006CA56C /* Debug */ = {
			isa = XCBuildConfiguration;
			buildSettings = {
				ALWAYS_SEARCH_USER_PATHS = NO;
				CLANG_ANALYZER_NONNULL = YES;
				CLANG_ANALYZER_NUMBER_OBJECT_CONVERSION = YES_AGGRESSIVE;
				CLANG_CXX_LANGUAGE_STANDARD = "gnu++0x";
				CLANG_CXX_LIBRARY = "libc++";
				CLANG_ENABLE_MODULES = YES;
				CLANG_ENABLE_OBJC_ARC = YES;
				CLANG_WARN_BOOL_CONVERSION = YES;
				CLANG_WARN_CONSTANT_CONVERSION = YES;
				CLANG_WARN_DIRECT_OBJC_ISA_USAGE = YES_ERROR;
				CLANG_WARN_DOCUMENTATION_COMMENTS = YES;
				CLANG_WARN_EMPTY_BODY = YES;
				CLANG_WARN_ENUM_CONVERSION = YES;
				CLANG_WARN_INFINITE_RECURSION = YES;
				CLANG_WARN_INT_CONVERSION = YES;
				CLANG_WARN_OBJC_ROOT_CLASS = YES_ERROR;
				CLANG_WARN_SUSPICIOUS_MOVE = YES;
				CLANG_WARN_UNREACHABLE_CODE = YES;
				CLANG_WARN__DUPLICATE_METHOD_MATCH = YES;
				"CODE_SIGN_IDENTITY[sdk=iphoneos*]" = "iPhone Developer";
				COPY_PHASE_STRIP = NO;
				DEBUG_INFORMATION_FORMAT = dwarf;
				ENABLE_STRICT_OBJC_MSGSEND = YES;
				ENABLE_TESTABILITY = YES;
				GCC_C_LANGUAGE_STANDARD = gnu99;
				GCC_DYNAMIC_NO_PIC = NO;
				GCC_NO_COMMON_BLOCKS = YES;
				GCC_OPTIMIZATION_LEVEL = 0;
				GCC_PREPROCESSOR_DEFINITIONS = (
					"DEBUG=1",
					"$(inherited)",
				);
				GCC_WARN_64_TO_32_BIT_CONVERSION = YES;
				GCC_WARN_ABOUT_RETURN_TYPE = YES_ERROR;
				GCC_WARN_UNDECLARED_SELECTOR = YES;
				GCC_WARN_UNINITIALIZED_AUTOS = YES_AGGRESSIVE;
				GCC_WARN_UNUSED_FUNCTION = YES;
				GCC_WARN_UNUSED_VARIABLE = YES;
				IPHONEOS_DEPLOYMENT_TARGET = 10.3;
				MTL_ENABLE_DEBUG_INFO = YES;
				ONLY_ACTIVE_ARCH = YES;
				SDKROOT = iphoneos;
				SWIFT_ACTIVE_COMPILATION_CONDITIONS = DEBUG;
				SWIFT_OPTIMIZATION_LEVEL = "-Onone";
				TARGETED_DEVICE_FAMILY = "1,2";
			};
			name = Debug;
		};
		17DB19C91EEA8E9B006CA56C /* Release */ = {
			isa = XCBuildConfiguration;
			buildSettings = {
				ALWAYS_SEARCH_USER_PATHS = NO;
				CLANG_ANALYZER_NONNULL = YES;
				CLANG_ANALYZER_NUMBER_OBJECT_CONVERSION = YES_AGGRESSIVE;
				CLANG_CXX_LANGUAGE_STANDARD = "gnu++0x";
				CLANG_CXX_LIBRARY = "libc++";
				CLANG_ENABLE_MODULES = YES;
				CLANG_ENABLE_OBJC_ARC = YES;
				CLANG_WARN_BOOL_CONVERSION = YES;
				CLANG_WARN_CONSTANT_CONVERSION = YES;
				CLANG_WARN_DIRECT_OBJC_ISA_USAGE = YES_ERROR;
				CLANG_WARN_DOCUMENTATION_COMMENTS = YES;
				CLANG_WARN_EMPTY_BODY = YES;
				CLANG_WARN_ENUM_CONVERSION = YES;
				CLANG_WARN_INFINITE_RECURSION = YES;
				CLANG_WARN_INT_CONVERSION = YES;
				CLANG_WARN_OBJC_ROOT_CLASS = YES_ERROR;
				CLANG_WARN_SUSPICIOUS_MOVE = YES;
				CLANG_WARN_UNREACHABLE_CODE = YES;
				CLANG_WARN__DUPLICATE_METHOD_MATCH = YES;
				"CODE_SIGN_IDENTITY[sdk=iphoneos*]" = "iPhone Developer";
				COPY_PHASE_STRIP = NO;
				DEBUG_INFORMATION_FORMAT = "dwarf-with-dsym";
				ENABLE_NS_ASSERTIONS = NO;
				ENABLE_STRICT_OBJC_MSGSEND = YES;
				GCC_C_LANGUAGE_STANDARD = gnu99;
				GCC_NO_COMMON_BLOCKS = YES;
				GCC_WARN_64_TO_32_BIT_CONVERSION = YES;
				GCC_WARN_ABOUT_RETURN_TYPE = YES_ERROR;
				GCC_WARN_UNDECLARED_SELECTOR = YES;
				GCC_WARN_UNINITIALIZED_AUTOS = YES_AGGRESSIVE;
				GCC_WARN_UNUSED_FUNCTION = YES;
				GCC_WARN_UNUSED_VARIABLE = YES;
				IPHONEOS_DEPLOYMENT_TARGET = 10.3;
				MTL_ENABLE_DEBUG_INFO = NO;
				SDKROOT = iphoneos;
				SWIFT_OPTIMIZATION_LEVEL = "-Owholemodule";
				TARGETED_DEVICE_FAMILY = "1,2";
				VALIDATE_PRODUCT = YES;
			};
			name = Release;
		};
		17DB19CB1EEA8E9B006CA56C /* Debug */ = {
			isa = XCBuildConfiguration;
			buildSettings = {
				ASSETCATALOG_COMPILER_APPICON_NAME = AppIcon;
				DEVELOPMENT_TEAM = AXT8UHAXWZ;
				INFOPLIST_FILE = TimeManagmentWithDates/Info.plist;
				LD_RUNPATH_SEARCH_PATHS = "$(inherited) @executable_path/Frameworks";
				PRODUCT_BUNDLE_IDENTIFIER = dp.TimeManagmentWithDates;
				PRODUCT_NAME = "$(TARGET_NAME)";
				SWIFT_VERSION = 3.0;
			};
			name = Debug;
		};
		17DB19CC1EEA8E9B006CA56C /* Release */ = {
			isa = XCBuildConfiguration;
			buildSettings = {
				ASSETCATALOG_COMPILER_APPICON_NAME = AppIcon;
				DEVELOPMENT_TEAM = AXT8UHAXWZ;
				INFOPLIST_FILE = TimeManagmentWithDates/Info.plist;
				LD_RUNPATH_SEARCH_PATHS = "$(inherited) @executable_path/Frameworks";
				PRODUCT_BUNDLE_IDENTIFIER = dp.TimeManagmentWithDates;
				PRODUCT_NAME = "$(TARGET_NAME)";
				SWIFT_VERSION = 3.0;
			};
			name = Release;
		};
		17DB19CE1EEA8E9B006CA56C /* Debug */ = {
			isa = XCBuildConfiguration;
			buildSettings = {
				ALWAYS_EMBED_SWIFT_STANDARD_LIBRARIES = YES;
				BUNDLE_LOADER = "$(TEST_HOST)";
				INFOPLIST_FILE = TimeManagmentWithDatesTests/Info.plist;
				LD_RUNPATH_SEARCH_PATHS = "$(inherited) @executable_path/Frameworks @loader_path/Frameworks";
				PRODUCT_BUNDLE_IDENTIFIER = dp.TimeManagmentWithDatesTests;
				PRODUCT_NAME = "$(TARGET_NAME)";
				SWIFT_VERSION = 3.0;
				TEST_HOST = "$(BUILT_PRODUCTS_DIR)/TimeManagmentWithDates.app/TimeManagmentWithDates";
			};
			name = Debug;
		};
		17DB19CF1EEA8E9B006CA56C /* Release */ = {
			isa = XCBuildConfiguration;
			buildSettings = {
				ALWAYS_EMBED_SWIFT_STANDARD_LIBRARIES = YES;
				BUNDLE_LOADER = "$(TEST_HOST)";
				INFOPLIST_FILE = TimeManagmentWithDatesTests/Info.plist;
				LD_RUNPATH_SEARCH_PATHS = "$(inherited) @executable_path/Frameworks @loader_path/Frameworks";
				PRODUCT_BUNDLE_IDENTIFIER = dp.TimeManagmentWithDatesTests;
				PRODUCT_NAME = "$(TARGET_NAME)";
				SWIFT_VERSION = 3.0;
				TEST_HOST = "$(BUILT_PRODUCTS_DIR)/TimeManagmentWithDates.app/TimeManagmentWithDates";
			};
			name = Release;
		};
		17DB19D11EEA8E9B006CA56C /* Debug */ = {
			isa = XCBuildConfiguration;
			buildSettings = {
				ALWAYS_EMBED_SWIFT_STANDARD_LIBRARIES = YES;
				INFOPLIST_FILE = TimeManagmentWithDatesUITests/Info.plist;
				LD_RUNPATH_SEARCH_PATHS = "$(inherited) @executable_path/Frameworks @loader_path/Frameworks";
				PRODUCT_BUNDLE_IDENTIFIER = dp.TimeManagmentWithDatesUITests;
				PRODUCT_NAME = "$(TARGET_NAME)";
				SWIFT_VERSION = 3.0;
				TEST_TARGET_NAME = TimeManagmentWithDates;
			};
			name = Debug;
		};
		17DB19D21EEA8E9B006CA56C /* Release */ = {
			isa = XCBuildConfiguration;
			buildSettings = {
				ALWAYS_EMBED_SWIFT_STANDARD_LIBRARIES = YES;
				INFOPLIST_FILE = TimeManagmentWithDatesUITests/Info.plist;
				LD_RUNPATH_SEARCH_PATHS = "$(inherited) @executable_path/Frameworks @loader_path/Frameworks";
				PRODUCT_BUNDLE_IDENTIFIER = dp.TimeManagmentWithDatesUITests;
				PRODUCT_NAME = "$(TARGET_NAME)";
				SWIFT_VERSION = 3.0;
				TEST_TARGET_NAME = TimeManagmentWithDates;
			};
			name = Release;
		};
/* End XCBuildConfiguration section */

/* Begin XCConfigurationList section */
		17DB199D1EEA8E9A006CA56C /* Build configuration list for PBXProject "TimeManagmentWithDates" */ = {
			isa = XCConfigurationList;
			buildConfigurations = (
				17DB19C81EEA8E9B006CA56C /* Debug */,
				17DB19C91EEA8E9B006CA56C /* Release */,
			);
			defaultConfigurationIsVisible = 0;
			defaultConfigurationName = Release;
		};
		17DB19CA1EEA8E9B006CA56C /* Build configuration list for PBXNativeTarget "TimeManagmentWithDates" */ = {
			isa = XCConfigurationList;
			buildConfigurations = (
				17DB19CB1EEA8E9B006CA56C /* Debug */,
				17DB19CC1EEA8E9B006CA56C /* Release */,
			);
			defaultConfigurationIsVisible = 0;
			defaultConfigurationName = Release;
		};
		17DB19CD1EEA8E9B006CA56C /* Build configuration list for PBXNativeTarget "TimeManagmentWithDatesTests" */ = {
			isa = XCConfigurationList;
			buildConfigurations = (
				17DB19CE1EEA8E9B006CA56C /* Debug */,
				17DB19CF1EEA8E9B006CA56C /* Release */,
			);
			defaultConfigurationIsVisible = 0;
			defaultConfigurationName = Release;
		};
		17DB19D01EEA8E9B006CA56C /* Build configuration list for PBXNativeTarget "TimeManagmentWithDatesUITests" */ = {
			isa = XCConfigurationList;
			buildConfigurations = (
				17DB19D11EEA8E9B006CA56C /* Debug */,
				17DB19D21EEA8E9B006CA56C /* Release */,
			);
			defaultConfigurationIsVisible = 0;
			defaultConfigurationName = Release;
		};
/* End XCConfigurationList section */
	};
	rootObject = 17DB199A1EEA8E9A006CA56C /* Project object */;
}
